// !$*UTF8*$!
{
	archiveVersion = 1;
	classes = {
	};
	objectVersion = 50;
	objects = {

/* Begin PBXBuildFile section */
		8FEC3E0A4F385AEC5A8155D7 /* Pods_VLCSwiftUI.framework in Frameworks */ = {isa = PBXBuildFile; fileRef = 2954A556C13CBFE5086BAAC4 /* Pods_VLCSwiftUI.framework */; };
		98E41E94246F35DD00DAFFD8 /* AppDelegate.swift in Sources */ = {isa = PBXBuildFile; fileRef = 98E41E93246F35DD00DAFFD8 /* AppDelegate.swift */; };
		98E41E96246F35DD00DAFFD8 /* SceneDelegate.swift in Sources */ = {isa = PBXBuildFile; fileRef = 98E41E95246F35DD00DAFFD8 /* SceneDelegate.swift */; };
		98E41E98246F35DD00DAFFD8 /* ContentView.swift in Sources */ = {isa = PBXBuildFile; fileRef = 98E41E97246F35DD00DAFFD8 /* ContentView.swift */; };
		98E41E9A246F35DF00DAFFD8 /* Assets.xcassets in Resources */ = {isa = PBXBuildFile; fileRef = 98E41E99246F35DF00DAFFD8 /* Assets.xcassets */; };
		98E41E9D246F35DF00DAFFD8 /* Preview Assets.xcassets in Resources */ = {isa = PBXBuildFile; fileRef = 98E41E9C246F35DF00DAFFD8 /* Preview Assets.xcassets */; };
		98E41EA0246F35DF00DAFFD8 /* LaunchScreen.storyboard in Resources */ = {isa = PBXBuildFile; fileRef = 98E41E9E246F35DF00DAFFD8 /* LaunchScreen.storyboard */; };
/* End PBXBuildFile section */

/* Begin PBXFileReference section */
		0D9464146F3179E7BFC1B13C /* Pods-VLCSwiftUI.debug.xcconfig */ = {isa = PBXFileReference; includeInIndex = 1; lastKnownFileType = text.xcconfig; name = "Pods-VLCSwiftUI.debug.xcconfig"; path = "Target Support Files/Pods-VLCSwiftUI/Pods-VLCSwiftUI.debug.xcconfig"; sourceTree = "<group>"; };
		2954A556C13CBFE5086BAAC4 /* Pods_VLCSwiftUI.framework */ = {isa = PBXFileReference; explicitFileType = wrapper.framework; includeInIndex = 0; path = Pods_VLCSwiftUI.framework; sourceTree = BUILT_PRODUCTS_DIR; };
		98E41E90246F35DD00DAFFD8 /* VLCSwiftUI.app */ = {isa = PBXFileReference; explicitFileType = wrapper.application; includeInIndex = 0; path = VLCSwiftUI.app; sourceTree = BUILT_PRODUCTS_DIR; };
		98E41E93246F35DD00DAFFD8 /* AppDelegate.swift */ = {isa = PBXFileReference; lastKnownFileType = sourcecode.swift; path = AppDelegate.swift; sourceTree = "<group>"; };
		98E41E95246F35DD00DAFFD8 /* SceneDelegate.swift */ = {isa = PBXFileReference; lastKnownFileType = sourcecode.swift; path = SceneDelegate.swift; sourceTree = "<group>"; };
		98E41E97246F35DD00DAFFD8 /* ContentView.swift */ = {isa = PBXFileReference; lastKnownFileType = sourcecode.swift; path = ContentView.swift; sourceTree = "<group>"; };
		98E41E99246F35DF00DAFFD8 /* Assets.xcassets */ = {isa = PBXFileReference; lastKnownFileType = folder.assetcatalog; path = Assets.xcassets; sourceTree = "<group>"; };
		98E41E9C246F35DF00DAFFD8 /* Preview Assets.xcassets */ = {isa = PBXFileReference; lastKnownFileType = folder.assetcatalog; path = "Preview Assets.xcassets"; sourceTree = "<group>"; };
		98E41E9F246F35DF00DAFFD8 /* Base */ = {isa = PBXFileReference; lastKnownFileType = file.storyboard; name = Base; path = Base.lproj/LaunchScreen.storyboard; sourceTree = "<group>"; };
		98E41EA1246F35DF00DAFFD8 /* Info.plist */ = {isa = PBXFileReference; lastKnownFileType = text.plist.xml; path = Info.plist; sourceTree = "<group>"; };
		98E41EA7246F36B700DAFFD8 /* VLCSwiftUI-Bridging-Header.h */ = {isa = PBXFileReference; lastKnownFileType = sourcecode.c.h; path = "VLCSwiftUI-Bridging-Header.h"; sourceTree = "<group>"; };
		BB26D3C6858C6C838BE0FABE /* Pods-VLCSwiftUI.release.xcconfig */ = {isa = PBXFileReference; includeInIndex = 1; lastKnownFileType = text.xcconfig; name = "Pods-VLCSwiftUI.release.xcconfig"; path = "Target Support Files/Pods-VLCSwiftUI/Pods-VLCSwiftUI.release.xcconfig"; sourceTree = "<group>"; };
/* End PBXFileReference section */

/* Begin PBXFrameworksBuildPhase section */
		98E41E8D246F35DD00DAFFD8 /* Frameworks */ = {
			isa = PBXFrameworksBuildPhase;
			buildActionMask = 2147483647;
			files = (
				8FEC3E0A4F385AEC5A8155D7 /* Pods_VLCSwiftUI.framework in Frameworks */,
			);
			runOnlyForDeploymentPostprocessing = 0;
		};
/* End PBXFrameworksBuildPhase section */

/* Begin PBXGroup section */
		669AC6539985F03C47AC958A /* Frameworks */ = {
			isa = PBXGroup;
			children = (
				2954A556C13CBFE5086BAAC4 /* Pods_VLCSwiftUI.framework */,
			);
			name = Frameworks;
			sourceTree = "<group>";
		};
		6A72610ED3DD9E61DEBF0EE1 /* Pods */ = {
			isa = PBXGroup;
			children = (
				0D9464146F3179E7BFC1B13C /* Pods-VLCSwiftUI.debug.xcconfig */,
				BB26D3C6858C6C838BE0FABE /* Pods-VLCSwiftUI.release.xcconfig */,
			);
			path = Pods;
			sourceTree = "<group>";
		};
		98E41E87246F35DD00DAFFD8 = {
			isa = PBXGroup;
			children = (
				98E41E92246F35DD00DAFFD8 /* VLCSwiftUI */,
				98E41E91246F35DD00DAFFD8 /* Products */,
				6A72610ED3DD9E61DEBF0EE1 /* Pods */,
				669AC6539985F03C47AC958A /* Frameworks */,
			);
			sourceTree = "<group>";
		};
		98E41E91246F35DD00DAFFD8 /* Products */ = {
			isa = PBXGroup;
			children = (
				98E41E90246F35DD00DAFFD8 /* VLCSwiftUI.app */,
			);
			name = Products;
			sourceTree = "<group>";
		};
		98E41E92246F35DD00DAFFD8 /* VLCSwiftUI */ = {
			isa = PBXGroup;
			children = (
				98E41E93246F35DD00DAFFD8 /* AppDelegate.swift */,
				98E41E95246F35DD00DAFFD8 /* SceneDelegate.swift */,
				98E41E97246F35DD00DAFFD8 /* ContentView.swift */,
				98E41E99246F35DF00DAFFD8 /* Assets.xcassets */,
				98E41E9E246F35DF00DAFFD8 /* LaunchScreen.storyboard */,
				98E41EA1246F35DF00DAFFD8 /* Info.plist */,
				98E41E9B246F35DF00DAFFD8 /* Preview Content */,
				98E41EA7246F36B700DAFFD8 /* VLCSwiftUI-Bridging-Header.h */,
			);
			path = VLCSwiftUI;
			sourceTree = "<group>";
		};
		98E41E9B246F35DF00DAFFD8 /* Preview Content */ = {
			isa = PBXGroup;
			children = (
				98E41E9C246F35DF00DAFFD8 /* Preview Assets.xcassets */,
			);
			path = "Preview Content";
			sourceTree = "<group>";
		};
/* End PBXGroup section */

/* Begin PBXNativeTarget section */
		98E41E8F246F35DD00DAFFD8 /* VLCSwiftUI */ = {
			isa = PBXNativeTarget;
			buildConfigurationList = 98E41EA4246F35DF00DAFFD8 /* Build configuration list for PBXNativeTarget "VLCSwiftUI" */;
			buildPhases = (
				F26372337C57EAB0D71ADDC6 /* [CP] Check Pods Manifest.lock */,
				98E41E8C246F35DD00DAFFD8 /* Sources */,
				98E41E8D246F35DD00DAFFD8 /* Frameworks */,
				98E41E8E246F35DD00DAFFD8 /* Resources */,
			);
			buildRules = (
			);
			dependencies = (
			);
			name = VLCSwiftUI;
			productName = VLCSwiftUI;
			productReference = 98E41E90246F35DD00DAFFD8 /* VLCSwiftUI.app */;
			productType = "com.apple.product-type.application";
		};
/* End PBXNativeTarget section */

/* Begin PBXProject section */
		98E41E88246F35DD00DAFFD8 /* Project object */ = {
			isa = PBXProject;
			attributes = {
				LastSwiftUpdateCheck = 1140;
				LastUpgradeCheck = 1140;
				ORGANIZATIONNAME = Tigerhood;
				TargetAttributes = {
					98E41E8F246F35DD00DAFFD8 = {
						CreatedOnToolsVersion = 11.4.1;
						LastSwiftMigration = 1140;
					};
				};
			};
			buildConfigurationList = 98E41E8B246F35DD00DAFFD8 /* Build configuration list for PBXProject "VLCSwiftUI" */;
			compatibilityVersion = "Xcode 9.3";
			developmentRegion = en;
			hasScannedForEncodings = 0;
			knownRegions = (
				en,
				Base,
			);
			mainGroup = 98E41E87246F35DD00DAFFD8;
			productRefGroup = 98E41E91246F35DD00DAFFD8 /* Products */;
			projectDirPath = "";
			projectRoot = "";
			targets = (
				98E41E8F246F35DD00DAFFD8 /* VLCSwiftUI */,
			);
		};
/* End PBXProject section */

/* Begin PBXResourcesBuildPhase section */
		98E41E8E246F35DD00DAFFD8 /* Resources */ = {
			isa = PBXResourcesBuildPhase;
			buildActionMask = 2147483647;
			files = (
				98E41EA0246F35DF00DAFFD8 /* LaunchScreen.storyboard in Resources */,
				98E41E9D246F35DF00DAFFD8 /* Preview Assets.xcassets in Resources */,
				98E41E9A246F35DF00DAFFD8 /* Assets.xcassets in Resources */,
			);
			runOnlyForDeploymentPostprocessing = 0;
		};
/* End PBXResourcesBuildPhase section */

/* Begin PBXShellScriptBuildPhase section */
		F26372337C57EAB0D71ADDC6 /* [CP] Check Pods Manifest.lock */ = {
			isa = PBXShellScriptBuildPhase;
			buildActionMask = 2147483647;
			files = (
			);
			inputFileListPaths = (
			);
			inputPaths = (
				"${PODS_PODFILE_DIR_PATH}/Podfile.lock",
				"${PODS_ROOT}/Manifest.lock",
			);
			name = "[CP] Check Pods Manifest.lock";
			outputFileListPaths = (
			);
			outputPaths = (
				"$(DERIVED_FILE_DIR)/Pods-VLCSwiftUI-checkManifestLockResult.txt",
			);
			runOnlyForDeploymentPostprocessing = 0;
			shellPath = /bin/sh;
			shellScript = "diff \"${PODS_PODFILE_DIR_PATH}/Podfile.lock\" \"${PODS_ROOT}/Manifest.lock\" > /dev/null\nif [ $? != 0 ] ; then\n    # print error to STDERR\n    echo \"error: The sandbox is not in sync with the Podfile.lock. Run 'pod install' or update your CocoaPods installation.\" >&2\n    exit 1\nfi\n# This output is used by Xcode 'outputs' to avoid re-running this script phase.\necho \"SUCCESS\" > \"${SCRIPT_OUTPUT_FILE_0}\"\n";
			showEnvVarsInLog = 0;
		};
/* End PBXShellScriptBuildPhase section */

/* Begin PBXSourcesBuildPhase section */
		98E41E8C246F35DD00DAFFD8 /* Sources */ = {
			isa = PBXSourcesBuildPhase;
			buildActionMask = 2147483647;
			files = (
				98E41E94246F35DD00DAFFD8 /* AppDelegate.swift in Sources */,
				98E41E96246F35DD00DAFFD8 /* SceneDelegate.swift in Sources */,
				98E41E98246F35DD00DAFFD8 /* ContentView.swift in Sources */,
			);
			runOnlyForDeploymentPostprocessing = 0;
		};
/* End PBXSourcesBuildPhase section */

/* Begin PBXVariantGroup section */
		98E41E9E246F35DF00DAFFD8 /* LaunchScreen.storyboard */ = {
			isa = PBXVariantGroup;
			children = (
				98E41E9F246F35DF00DAFFD8 /* Base */,
			);
			name = LaunchScreen.storyboard;
			sourceTree = "<group>";
		};
/* End PBXVariantGroup section */

/* Begin XCBuildConfiguration section */
		98E41EA2246F35DF00DAFFD8 /* Debug */ = {
			isa = XCBuildConfiguration;
			buildSettings = {
				ALWAYS_SEARCH_USER_PATHS = NO;
				CLANG_ANALYZER_NONNULL = YES;
				CLANG_ANALYZER_NUMBER_OBJECT_CONVERSION = YES_AGGRESSIVE;
				CLANG_CXX_LANGUAGE_STANDARD = "gnu++14";
				CLANG_CXX_LIBRARY = "libc++";
				CLANG_ENABLE_MODULES = YES;
				CLANG_ENABLE_OBJC_ARC = YES;
				CLANG_ENABLE_OBJC_WEAK = YES;
				CLANG_WARN_BLOCK_CAPTURE_AUTORELEASING = YES;
				CLANG_WARN_BOOL_CONVERSION = YES;
				CLANG_WARN_COMMA = YES;
				CLANG_WARN_CONSTANT_CONVERSION = YES;
				CLANG_WARN_DEPRECATED_OBJC_IMPLEMENTATIONS = YES;
				CLANG_WARN_DIRECT_OBJC_ISA_USAGE = YES_ERROR;
				CLANG_WARN_DOCUMENTATION_COMMENTS = YES;
				CLANG_WARN_EMPTY_BODY = YES;
				CLANG_WARN_ENUM_CONVERSION = YES;
				CLANG_WARN_INFINITE_RECURSION = YES;
				CLANG_WARN_INT_CONVERSION = YES;
				CLANG_WARN_NON_LITERAL_NULL_CONVERSION = YES;
				CLANG_WARN_OBJC_IMPLICIT_RETAIN_SELF = YES;
				CLANG_WARN_OBJC_LITERAL_CONVERSION = YES;
				CLANG_WARN_OBJC_ROOT_CLASS = YES_ERROR;
				CLANG_WARN_RANGE_LOOP_ANALYSIS = YES;
				CLANG_WARN_STRICT_PROTOTYPES = YES;
				CLANG_WARN_SUSPICIOUS_MOVE = YES;
				CLANG_WARN_UNGUARDED_AVAILABILITY = YES_AGGRESSIVE;
				CLANG_WARN_UNREACHABLE_CODE = YES;
				CLANG_WARN__DUPLICATE_METHOD_MATCH = YES;
				COPY_PHASE_STRIP = NO;
				DEBUG_INFORMATION_FORMAT = dwarf;
				ENABLE_STRICT_OBJC_MSGSEND = YES;
				ENABLE_TESTABILITY = YES;
				GCC_C_LANGUAGE_STANDARD = gnu11;
				GCC_DYNAMIC_NO_PIC = NO;
				GCC_NO_COMMON_BLOCKS = YES;
				GCC_OPTIMIZATION_LEVEL = 0;
				GCC_PREPROCESSOR_DEFINITIONS = (
					"DEBUG=1",
					"$(inherited)",
				);
				GCC_WARN_64_TO_32_BIT_CONVERSION = YES;
				GCC_WARN_ABOUT_RETURN_TYPE = YES_ERROR;
				GCC_WARN_UNDECLARED_SELECTOR = YES;
				GCC_WARN_UNINITIALIZED_AUTOS = YES_AGGRESSIVE;
				GCC_WARN_UNUSED_FUNCTION = YES;
				GCC_WARN_UNUSED_VARIABLE = YES;
				IPHONEOS_DEPLOYMENT_TARGET = 13.4;
				MTL_ENABLE_DEBUG_INFO = INCLUDE_SOURCE;
				MTL_FAST_MATH = YES;
				ONLY_ACTIVE_ARCH = YES;
				SDKROOT = iphoneos;
				SWIFT_ACTIVE_COMPILATION_CONDITIONS = DEBUG;
				SWIFT_OPTIMIZATION_LEVEL = "-Onone";
			};
			name = Debug;
		};
		98E41EA3246F35DF00DAFFD8 /* Release */ = {
			isa = XCBuildConfiguration;
			buildSettings = {
				ALWAYS_SEARCH_USER_PATHS = NO;
				CLANG_ANALYZER_NONNULL = YES;
				CLANG_ANALYZER_NUMBER_OBJECT_CONVERSION = YES_AGGRESSIVE;
				CLANG_CXX_LANGUAGE_STANDARD = "gnu++14";
				CLANG_CXX_LIBRARY = "libc++";
				CLANG_ENABLE_MODULES = YES;
				CLANG_ENABLE_OBJC_ARC = YES;
				CLANG_ENABLE_OBJC_WEAK = YES;
				CLANG_WARN_BLOCK_CAPTURE_AUTORELEASING = YES;
				CLANG_WARN_BOOL_CONVERSION = YES;
				CLANG_WARN_COMMA = YES;
				CLANG_WARN_CONSTANT_CONVERSION = YES;
				CLANG_WARN_DEPRECATED_OBJC_IMPLEMENTATIONS = YES;
				CLANG_WARN_DIRECT_OBJC_ISA_USAGE = YES_ERROR;
				CLANG_WARN_DOCUMENTATION_COMMENTS = YES;
				CLANG_WARN_EMPTY_BODY = YES;
				CLANG_WARN_ENUM_CONVERSION = YES;
				CLANG_WARN_INFINITE_RECURSION = YES;
				CLANG_WARN_INT_CONVERSION = YES;
				CLANG_WARN_NON_LITERAL_NULL_CONVERSION = YES;
				CLANG_WARN_OBJC_IMPLICIT_RETAIN_SELF = YES;
				CLANG_WARN_OBJC_LITERAL_CONVERSION = YES;
				CLANG_WARN_OBJC_ROOT_CLASS = YES_ERROR;
				CLANG_WARN_RANGE_LOOP_ANALYSIS = YES;
				CLANG_WARN_STRICT_PROTOTYPES = YES;
				CLANG_WARN_SUSPICIOUS_MOVE = YES;
				CLANG_WARN_UNGUARDED_AVAILABILITY = YES_AGGRESSIVE;
				CLANG_WARN_UNREACHABLE_CODE = YES;
				CLANG_WARN__DUPLICATE_METHOD_MATCH = YES;
				COPY_PHASE_STRIP = NO;
				DEBUG_INFORMATION_FORMAT = "dwarf-with-dsym";
				ENABLE_NS_ASSERTIONS = NO;
				ENABLE_STRICT_OBJC_MSGSEND = YES;
				GCC_C_LANGUAGE_STANDARD = gnu11;
				GCC_NO_COMMON_BLOCKS = YES;
				GCC_WARN_64_TO_32_BIT_CONVERSION = YES;
				GCC_WARN_ABOUT_RETURN_TYPE = YES_ERROR;
				GCC_WARN_UNDECLARED_SELECTOR = YES;
				GCC_WARN_UNINITIALIZED_AUTOS = YES_AGGRESSIVE;
				GCC_WARN_UNUSED_FUNCTION = YES;
				GCC_WARN_UNUSED_VARIABLE = YES;
				IPHONEOS_DEPLOYMENT_TARGET = 13.4;
				MTL_ENABLE_DEBUG_INFO = NO;
				MTL_FAST_MATH = YES;
				SDKROOT = iphoneos;
				SWIFT_COMPILATION_MODE = wholemodule;
				SWIFT_OPTIMIZATION_LEVEL = "-O";
				VALIDATE_PRODUCT = YES;
			};
			name = Release;
		};
		98E41EA5246F35DF00DAFFD8 /* Debug */ = {
			isa = XCBuildConfiguration;
			baseConfigurationReference = 0D9464146F3179E7BFC1B13C /* Pods-VLCSwiftUI.debug.xcconfig */;
			buildSettings = {
				ASSETCATALOG_COMPILER_APPICON_NAME = AppIcon;
				CLANG_ENABLE_MODULES = YES;
				CODE_SIGN_STYLE = Automatic;
				DEVELOPMENT_ASSET_PATHS = "\"VLCSwiftUI/Preview Content\"";
				DEVELOPMENT_TEAM = ZX7GUMJ35C;
				ENABLE_PREVIEWS = YES;
				INFOPLIST_FILE = VLCSwiftUI/Info.plist;
				LD_RUNPATH_SEARCH_PATHS = (
					"$(inherited)",
					"@executable_path/Frameworks",
				);
				PRODUCT_BUNDLE_IDENTIFIER = com.tigerhood.VLCSwiftUI;
				PRODUCT_NAME = "$(TARGET_NAME)";
				SWIFT_OBJC_BRIDGING_HEADER = "VLCSwiftUI/VLCSwiftUI-Bridging-Header.h";
				SWIFT_OPTIMIZATION_LEVEL = "-Onone";
				SWIFT_VERSION = 5.0;
				TARGETED_DEVICE_FAMILY = "1,2";
			};
			name = Debug;
		};
		98E41EA6246F35DF00DAFFD8 /* Release */ = {
			isa = XCBuildConfiguration;
			baseConfigurationReference = BB26D3C6858C6C838BE0FABE /* Pods-VLCSwiftUI.release.xcconfig */;
			buildSettings = {
				ASSETCATALOG_COMPILER_APPICON_NAME = AppIcon;
				CLANG_ENABLE_MODULES = YES;
				CODE_SIGN_STYLE = Automatic;
				DEVELOPMENT_ASSET_PATHS = "\"VLCSwiftUI/Preview Content\"";
				DEVELOPMENT_TEAM = ZX7GUMJ35C;
				ENABLE_PREVIEWS = YES;
				INFOPLIST_FILE = VLCSwiftUI/Info.plist;
				LD_RUNPATH_SEARCH_PATHS = (
					"$(inherited)",
					"@executable_path/Frameworks",
				);
				PRODUCT_BUNDLE_IDENTIFIER = com.tigerhood.VLCSwiftUI;
				PRODUCT_NAME = "$(TARGET_NAME)";
				SWIFT_OBJC_BRIDGING_HEADER = "VLCSwiftUI/VLCSwiftUI-Bridging-Header.h";
				SWIFT_VERSION = 5.0;
				TARGETED_DEVICE_FAMILY = "1,2";
			};
			name = Release;
		};
/* End XCBuildConfiguration section */

/* Begin XCConfigurationList section */
		98E41E8B246F35DD00DAFFD8 /* Build configuration list for PBXProject "VLCSwiftUI" */ = {
			isa = XCConfigurationList;
			buildConfigurations = (
				98E41EA2246F35DF00DAFFD8 /* Debug */,
				98E41EA3246F35DF00DAFFD8 /* Release */,
			);
			defaultConfigurationIsVisible = 0;
			defaultConfigurationName = Release;
		};
		98E41EA4246F35DF00DAFFD8 /* Build configuration list for PBXNativeTarget "VLCSwiftUI" */ = {
			isa = XCConfigurationList;
			buildConfigurations = (
				98E41EA5246F35DF00DAFFD8 /* Debug */,
				98E41EA6246F35DF00DAFFD8 /* Release */,
			);
			defaultConfigurationIsVisible = 0;
			defaultConfigurationName = Release;
		};
/* End XCConfigurationList section */
	};
	rootObject = 98E41E88246F35DD00DAFFD8 /* Project object */;
}
